
Microsoft Visual Studio Solution File, Format Version 12.00
# Visual Studio Version 17
VisualStudioVersion = 17.14.36518.9 d17.14
MinimumVisualStudioVersion = 10.0.40219.1
Project("{FAE04EC0-301F-11D3-BF4B-00C04F79EFBC}") = "WebApplication1", "WebApplication1.csproj", "{53A24539-85C6-421D-B2FD-14FAE34948E3}"
EndProject
Global
	GlobalSection(SolutionConfigurationPlatforms) = preSolution
		Debug|Any CPU = Debug|Any CPU
		Release|Any CPU = Release|Any CPU
	EndGlobalSection
	GlobalSection(ProjectConfigurationPlatforms) = postSolution
		{53A24539-85C6-421D-B2FD-14FAE34948E3}.Debug|Any CPU.ActiveCfg = Debug|Any CPU
		{53A24539-85C6-421D-B2FD-14FAE34948E3}.Debug|Any CPU.Build.0 = Debug|Any CPU
		{53A24539-85C6-421D-B2FD-14FAE34948E3}.Release|Any CPU.ActiveCfg = Release|Any CPU
		{53A24539-85C6-421D-B2FD-14FAE34948E3}.Release|Any CPU.Build.0 = Release|Any CPU
	EndGlobalSection
	GlobalSection(SolutionProperties) = preSolution
		HideSolutionNode = FALSE
	EndGlobalSection
	GlobalSection(ExtensibilityGlobals) = postSolution
		SolutionGuid = {ED6A483A-BD2F-44A9-9969-2DF059616614}
	EndGlobalSection
EndGlobal
